// !$*UTF8*$!
{
	archiveVersion = 1;
	classes = {
	};
	objectVersion = 46;
	objects = {

/* Begin PBXBuildFile section */
		B322DF196A62A0ADE9D188D5 /* libPods-voipCallsTest.a in Frameworks */ = {isa = PBXBuildFile; fileRef = 10B192ED40520E8F2435BDC1 /* libPods-voipCallsTest.a */; };
		E1F4093F1E9289D2007E36CC /* main.m in Sources */ = {isa = PBXBuildFile; fileRef = E1F4093E1E9289D2007E36CC /* main.m */; };
		E1F409421E9289D2007E36CC /* AppDelegate.m in Sources */ = {isa = PBXBuildFile; fileRef = E1F409411E9289D2007E36CC /* AppDelegate.m */; };
		E1F409451E9289D2007E36CC /* ViewController.m in Sources */ = {isa = PBXBuildFile; fileRef = E1F409441E9289D2007E36CC /* ViewController.m */; };
		E1F409481E9289D2007E36CC /* Main.storyboard in Resources */ = {isa = PBXBuildFile; fileRef = E1F409461E9289D2007E36CC /* Main.storyboard */; };
		E1F4094A1E9289D2007E36CC /* Assets.xcassets in Resources */ = {isa = PBXBuildFile; fileRef = E1F409491E9289D2007E36CC /* Assets.xcassets */; };
		E1F4095A1E928C1D007E36CC /* NSData+ASBinary.m in Sources */ = {isa = PBXBuildFile; fileRef = E1F409571E928C1D007E36CC /* NSData+ASBinary.m */; };
		E1F4095B1E928C1D007E36CC /* NSStream+BoundPairAdditions.m in Sources */ = {isa = PBXBuildFile; fileRef = E1F409591E928C1D007E36CC /* NSStream+BoundPairAdditions.m */; };
		E1F409641E928C5B007E36CC /* WMCAACEncoder.m in Sources */ = {isa = PBXBuildFile; fileRef = E1F4095D1E928C5B007E36CC /* WMCAACEncoder.m */; };
		E1F409651E928C5B007E36CC /* WMCBufferWriter.m in Sources */ = {isa = PBXBuildFile; fileRef = E1F4095F1E928C5B007E36CC /* WMCBufferWriter.m */; };
		E1F409661E928C5B007E36CC /* WMCCallManager.m in Sources */ = {isa = PBXBuildFile; fileRef = E1F409611E928C5B007E36CC /* WMCCallManager.m */; };
		E1F409671E928C5B007E36CC /* WMCRecorder.m in Sources */ = {isa = PBXBuildFile; fileRef = E1F409631E928C5B007E36CC /* WMCRecorder.m */; };
/* End PBXBuildFile section */

/* Begin PBXFileReference section */
		10B192ED40520E8F2435BDC1 /* libPods-voipCallsTest.a */ = {isa = PBXFileReference; explicitFileType = archive.ar; includeInIndex = 0; path = "libPods-voipCallsTest.a"; sourceTree = BUILT_PRODUCTS_DIR; };
		36AB474897273F1E62625558 /* Pods-voipCallsTest.debug.xcconfig */ = {isa = PBXFileReference; includeInIndex = 1; lastKnownFileType = text.xcconfig; name = "Pods-voipCallsTest.debug.xcconfig"; path = "Pods/Target Support Files/Pods-voipCallsTest/Pods-voipCallsTest.debug.xcconfig"; sourceTree = "<group>"; };
		E102C0F88978D05FBAA33C89 /* Pods-voipCallsTest.release.xcconfig */ = {isa = PBXFileReference; includeInIndex = 1; lastKnownFileType = text.xcconfig; name = "Pods-voipCallsTest.release.xcconfig"; path = "Pods/Target Support Files/Pods-voipCallsTest/Pods-voipCallsTest.release.xcconfig"; sourceTree = "<group>"; };
		E1F4093A1E9289D2007E36CC /* voipCallsTest.app */ = {isa = PBXFileReference; explicitFileType = wrapper.application; includeInIndex = 0; path = voipCallsTest.app; sourceTree = BUILT_PRODUCTS_DIR; };
		E1F4093E1E9289D2007E36CC /* main.m */ = {isa = PBXFileReference; lastKnownFileType = sourcecode.c.objc; path = main.m; sourceTree = "<group>"; };
		E1F409401E9289D2007E36CC /* AppDelegate.h */ = {isa = PBXFileReference; lastKnownFileType = sourcecode.c.h; path = AppDelegate.h; sourceTree = "<group>"; };
		E1F409411E9289D2007E36CC /* AppDelegate.m */ = {isa = PBXFileReference; lastKnownFileType = sourcecode.c.objc; path = AppDelegate.m; sourceTree = "<group>"; };
		E1F409431E9289D2007E36CC /* ViewController.h */ = {isa = PBXFileReference; lastKnownFileType = sourcecode.c.h; path = ViewController.h; sourceTree = "<group>"; };
		E1F409441E9289D2007E36CC /* ViewController.m */ = {isa = PBXFileReference; lastKnownFileType = sourcecode.c.objc; path = ViewController.m; sourceTree = "<group>"; };
		E1F409471E9289D2007E36CC /* Base */ = {isa = PBXFileReference; lastKnownFileType = file.storyboard; name = Base; path = Base.lproj/Main.storyboard; sourceTree = "<group>"; };
		E1F409491E9289D2007E36CC /* Assets.xcassets */ = {isa = PBXFileReference; lastKnownFileType = folder.assetcatalog; path = Assets.xcassets; sourceTree = "<group>"; };
		E1F4094E1E9289D2007E36CC /* Info.plist */ = {isa = PBXFileReference; lastKnownFileType = text.plist.xml; path = Info.plist; sourceTree = "<group>"; };
		E1F409561E928C1D007E36CC /* NSData+ASBinary.h */ = {isa = PBXFileReference; fileEncoding = 4; lastKnownFileType = sourcecode.c.h; name = "NSData+ASBinary.h"; path = "Extentions/NSData+ASBinary.h"; sourceTree = "<group>"; };
		E1F409571E928C1D007E36CC /* NSData+ASBinary.m */ = {isa = PBXFileReference; fileEncoding = 4; lastKnownFileType = sourcecode.c.objc; name = "NSData+ASBinary.m"; path = "Extentions/NSData+ASBinary.m"; sourceTree = "<group>"; };
		E1F409581E928C1D007E36CC /* NSStream+BoundPairAdditions.h */ = {isa = PBXFileReference; fileEncoding = 4; lastKnownFileType = sourcecode.c.h; name = "NSStream+BoundPairAdditions.h"; path = "Extentions/NSStream+BoundPairAdditions.h"; sourceTree = "<group>"; };
		E1F409591E928C1D007E36CC /* NSStream+BoundPairAdditions.m */ = {isa = PBXFileReference; fileEncoding = 4; lastKnownFileType = sourcecode.c.objc; name = "NSStream+BoundPairAdditions.m"; path = "Extentions/NSStream+BoundPairAdditions.m"; sourceTree = "<group>"; };
		E1F4095C1E928C5B007E36CC /* WMCAACEncoder.h */ = {isa = PBXFileReference; fileEncoding = 4; lastKnownFileType = sourcecode.c.h; name = WMCAACEncoder.h; path = Utils/WMCAACEncoder.h; sourceTree = "<group>"; };
		E1F4095D1E928C5B007E36CC /* WMCAACEncoder.m */ = {isa = PBXFileReference; fileEncoding = 4; lastKnownFileType = sourcecode.c.objc; name = WMCAACEncoder.m; path = Utils/WMCAACEncoder.m; sourceTree = "<group>"; };
		E1F4095E1E928C5B007E36CC /* WMCBufferWriter.h */ = {isa = PBXFileReference; fileEncoding = 4; lastKnownFileType = sourcecode.c.h; name = WMCBufferWriter.h; path = Utils/WMCBufferWriter.h; sourceTree = "<group>"; };
		E1F4095F1E928C5B007E36CC /* WMCBufferWriter.m */ = {isa = PBXFileReference; fileEncoding = 4; lastKnownFileType = sourcecode.c.objc; name = WMCBufferWriter.m; path = Utils/WMCBufferWriter.m; sourceTree = "<group>"; };
		E1F409601E928C5B007E36CC /* WMCCallManager.h */ = {isa = PBXFileReference; fileEncoding = 4; lastKnownFileType = sourcecode.c.h; name = WMCCallManager.h; path = Utils/WMCCallManager.h; sourceTree = "<group>"; };
		E1F409611E928C5B007E36CC /* WMCCallManager.m */ = {isa = PBXFileReference; fileEncoding = 4; lastKnownFileType = sourcecode.c.objc; name = WMCCallManager.m; path = Utils/WMCCallManager.m; sourceTree = "<group>"; };
		E1F409621E928C5B007E36CC /* WMCRecorder.h */ = {isa = PBXFileReference; fileEncoding = 4; lastKnownFileType = sourcecode.c.h; name = WMCRecorder.h; path = Utils/WMCRecorder.h; sourceTree = "<group>"; };
		E1F409631E928C5B007E36CC /* WMCRecorder.m */ = {isa = PBXFileReference; fileEncoding = 4; lastKnownFileType = sourcecode.c.objc; name = WMCRecorder.m; path = Utils/WMCRecorder.m; sourceTree = "<group>"; };
/* End PBXFileReference section */

/* Begin PBXFrameworksBuildPhase section */
		E1F409371E9289D2007E36CC /* Frameworks */ = {
			isa = PBXFrameworksBuildPhase;
			buildActionMask = 2147483647;
			files = (
				B322DF196A62A0ADE9D188D5 /* libPods-voipCallsTest.a in Frameworks */,
			);
			runOnlyForDeploymentPostprocessing = 0;
		};
/* End PBXFrameworksBuildPhase section */

/* Begin PBXGroup section */
		904B0925D7A9E922239B86B4 /* Frameworks */ = {
			isa = PBXGroup;
			children = (
				10B192ED40520E8F2435BDC1 /* libPods-voipCallsTest.a */,
			);
			name = Frameworks;
			sourceTree = "<group>";
		};
		B4700BAD91D9C1F7BA396E2E /* Pods */ = {
			isa = PBXGroup;
			children = (
				36AB474897273F1E62625558 /* Pods-voipCallsTest.debug.xcconfig */,
				E102C0F88978D05FBAA33C89 /* Pods-voipCallsTest.release.xcconfig */,
			);
			name = Pods;
			sourceTree = "<group>";
		};
		E1F409311E9289D2007E36CC = {
			isa = PBXGroup;
			children = (
				E1F4093C1E9289D2007E36CC /* voipCallsTest */,
				E1F4093B1E9289D2007E36CC /* Products */,
				B4700BAD91D9C1F7BA396E2E /* Pods */,
				904B0925D7A9E922239B86B4 /* Frameworks */,
			);
			sourceTree = "<group>";
		};
		E1F4093B1E9289D2007E36CC /* Products */ = {
			isa = PBXGroup;
			children = (
				E1F4093A1E9289D2007E36CC /* voipCallsTest.app */,
			);
			name = Products;
			sourceTree = "<group>";
		};
		E1F4093C1E9289D2007E36CC /* voipCallsTest */ = {
			isa = PBXGroup;
			children = (
				E1F409541E928BD8007E36CC /* Extentions */,
				E1F409551E928BE6007E36CC /* Utils */,
				E1F409401E9289D2007E36CC /* AppDelegate.h */,
				E1F409411E9289D2007E36CC /* AppDelegate.m */,
				E1F409431E9289D2007E36CC /* ViewController.h */,
				E1F409441E9289D2007E36CC /* ViewController.m */,
				E1F409461E9289D2007E36CC /* Main.storyboard */,
				E1F4093D1E9289D2007E36CC /* Supporting Files */,
			);
			path = voipCallsTest;
			sourceTree = "<group>";
		};
		E1F4093D1E9289D2007E36CC /* Supporting Files */ = {
			isa = PBXGroup;
			children = (
				E1F409491E9289D2007E36CC /* Assets.xcassets */,
				E1F4094E1E9289D2007E36CC /* Info.plist */,
				E1F4093E1E9289D2007E36CC /* main.m */,
			);
			name = "Supporting Files";
			sourceTree = "<group>";
		};
		E1F409541E928BD8007E36CC /* Extentions */ = {
			isa = PBXGroup;
			children = (
				E1F409561E928C1D007E36CC /* NSData+ASBinary.h */,
				E1F409571E928C1D007E36CC /* NSData+ASBinary.m */,
				E1F409581E928C1D007E36CC /* NSStream+BoundPairAdditions.h */,
				E1F409591E928C1D007E36CC /* NSStream+BoundPairAdditions.m */,
			);
			name = Extentions;
			sourceTree = "<group>";
		};
		E1F409551E928BE6007E36CC /* Utils */ = {
			isa = PBXGroup;
			children = (
				E1F4095C1E928C5B007E36CC /* WMCAACEncoder.h */,
				E1F4095D1E928C5B007E36CC /* WMCAACEncoder.m */,
				E1F4095E1E928C5B007E36CC /* WMCBufferWriter.h */,
				E1F4095F1E928C5B007E36CC /* WMCBufferWriter.m */,
				E1F409601E928C5B007E36CC /* WMCCallManager.h */,
				E1F409611E928C5B007E36CC /* WMCCallManager.m */,
				E1F409621E928C5B007E36CC /* WMCRecorder.h */,
				E1F409631E928C5B007E36CC /* WMCRecorder.m */,
			);
			name = Utils;
			sourceTree = "<group>";
		};
/* End PBXGroup section */

/* Begin PBXNativeTarget section */
		E1F409391E9289D2007E36CC /* voipCallsTest */ = {
			isa = PBXNativeTarget;
			buildConfigurationList = E1F409511E9289D2007E36CC /* Build configuration list for PBXNativeTarget "voipCallsTest" */;
			buildPhases = (
				3B47D6AE3EEE3B891D5891ED /* [CP] Check Pods Manifest.lock */,
				E1F409361E9289D2007E36CC /* Sources */,
				E1F409371E9289D2007E36CC /* Frameworks */,
				E1F409381E9289D2007E36CC /* Resources */,
				E412962F0E4501105F7364BA /* [CP] Embed Pods Frameworks */,
				5EE98B17BDD97AB663B3393A /* [CP] Copy Pods Resources */,
			);
			buildRules = (
			);
			dependencies = (
			);
			name = voipCallsTest;
			productName = voipCallsTest;
			productReference = E1F4093A1E9289D2007E36CC /* voipCallsTest.app */;
			productType = "com.apple.product-type.application";
		};
/* End PBXNativeTarget section */

/* Begin PBXProject section */
		E1F409321E9289D2007E36CC /* Project object */ = {
			isa = PBXProject;
			attributes = {
				LastUpgradeCheck = 0820;
				ORGANIZATIONNAME = "Line App";
				TargetAttributes = {
					E1F409391E9289D2007E36CC = {
						CreatedOnToolsVersion = 8.2.1;
						DevelopmentTeam = GBS327G4QD;
						ProvisioningStyle = Automatic;
					};
				};
			};
			buildConfigurationList = E1F409351E9289D2007E36CC /* Build configuration list for PBXProject "voipCallsTest" */;
			compatibilityVersion = "Xcode 3.2";
			developmentRegion = English;
			hasScannedForEncodings = 0;
			knownRegions = (
				en,
				Base,
			);
			mainGroup = E1F409311E9289D2007E36CC;
			productRefGroup = E1F4093B1E9289D2007E36CC /* Products */;
			projectDirPath = "";
			projectRoot = "";
			targets = (
				E1F409391E9289D2007E36CC /* voipCallsTest */,
			);
		};
/* End PBXProject section */

/* Begin PBXResourcesBuildPhase section */
		E1F409381E9289D2007E36CC /* Resources */ = {
			isa = PBXResourcesBuildPhase;
			buildActionMask = 2147483647;
			files = (
				E1F4094A1E9289D2007E36CC /* Assets.xcassets in Resources */,
				E1F409481E9289D2007E36CC /* Main.storyboard in Resources */,
			);
			runOnlyForDeploymentPostprocessing = 0;
		};
/* End PBXResourcesBuildPhase section */

/* Begin PBXShellScriptBuildPhase section */
		3B47D6AE3EEE3B891D5891ED /* [CP] Check Pods Manifest.lock */ = {
			isa = PBXShellScriptBuildPhase;
			buildActionMask = 2147483647;
			files = (
			);
			inputPaths = (
			);
			name = "[CP] Check Pods Manifest.lock";
			outputPaths = (
			);
			runOnlyForDeploymentPostprocessing = 0;
			shellPath = /bin/sh;
			shellScript = "diff \"${PODS_ROOT}/../Podfile.lock\" \"${PODS_ROOT}/Manifest.lock\" > /dev/null\nif [ $? != 0 ] ; then\n    # print error to STDERR\n    echo \"error: The sandbox is not in sync with the Podfile.lock. Run 'pod install' or update your CocoaPods installation.\" >&2\n    exit 1\nfi\n";
			showEnvVarsInLog = 0;
		};
		5EE98B17BDD97AB663B3393A /* [CP] Copy Pods Resources */ = {
			isa = PBXShellScriptBuildPhase;
			buildActionMask = 2147483647;
			files = (
			);
			inputPaths = (
			);
			name = "[CP] Copy Pods Resources";
			outputPaths = (
			);
			runOnlyForDeploymentPostprocessing = 0;
			shellPath = /bin/sh;
			shellScript = "\"${SRCROOT}/Pods/Target Support Files/Pods-voipCallsTest/Pods-voipCallsTest-resources.sh\"\n";
			showEnvVarsInLog = 0;
		};
		E412962F0E4501105F7364BA /* [CP] Embed Pods Frameworks */ = {
			isa = PBXShellScriptBuildPhase;
			buildActionMask = 2147483647;
			files = (
			);
			inputPaths = (
			);
			name = "[CP] Embed Pods Frameworks";
			outputPaths = (
			);
			runOnlyForDeploymentPostprocessing = 0;
			shellPath = /bin/sh;
			shellScript = "\"${SRCROOT}/Pods/Target Support Files/Pods-voipCallsTest/Pods-voipCallsTest-frameworks.sh\"\n";
			showEnvVarsInLog = 0;
		};
/* End PBXShellScriptBuildPhase section */

/* Begin PBXSourcesBuildPhase section */
		E1F409361E9289D2007E36CC /* Sources */ = {
			isa = PBXSourcesBuildPhase;
			buildActionMask = 2147483647;
			files = (
				E1F409451E9289D2007E36CC /* ViewController.m in Sources */,
				E1F409671E928C5B007E36CC /* WMCRecorder.m in Sources */,
				E1F409661E928C5B007E36CC /* WMCCallManager.m in Sources */,
				E1F4095B1E928C1D007E36CC /* NSStream+BoundPairAdditions.m in Sources */,
				E1F409421E9289D2007E36CC /* AppDelegate.m in Sources */,
				E1F4093F1E9289D2007E36CC /* main.m in Sources */,
				E1F409641E928C5B007E36CC /* WMCAACEncoder.m in Sources */,
				E1F4095A1E928C1D007E36CC /* NSData+ASBinary.m in Sources */,
				E1F409651E928C5B007E36CC /* WMCBufferWriter.m in Sources */,
			);
			runOnlyForDeploymentPostprocessing = 0;
		};
/* End PBXSourcesBuildPhase section */

/* Begin PBXVariantGroup section */
		E1F409461E9289D2007E36CC /* Main.storyboard */ = {
			isa = PBXVariantGroup;
			children = (
				E1F409471E9289D2007E36CC /* Base */,
			);
			name = Main.storyboard;
			sourceTree = "<group>";
		};
/* End PBXVariantGroup section */

/* Begin XCBuildConfiguration section */
		E1F4094F1E9289D2007E36CC /* Debug */ = {
			isa = XCBuildConfiguration;
			buildSettings = {
				ALWAYS_SEARCH_USER_PATHS = NO;
				CLANG_ANALYZER_NONNULL = YES;
				CLANG_CXX_LANGUAGE_STANDARD = "gnu++0x";
				CLANG_CXX_LIBRARY = "libc++";
				CLANG_ENABLE_MODULES = YES;
				CLANG_ENABLE_OBJC_ARC = YES;
				CLANG_WARN_BOOL_CONVERSION = YES;
				CLANG_WARN_CONSTANT_CONVERSION = YES;
				CLANG_WARN_DIRECT_OBJC_ISA_USAGE = YES_ERROR;
				CLANG_WARN_DOCUMENTATION_COMMENTS = YES;
				CLANG_WARN_EMPTY_BODY = YES;
				CLANG_WARN_ENUM_CONVERSION = YES;
				CLANG_WARN_INFINITE_RECURSION = YES;
				CLANG_WARN_INT_CONVERSION = YES;
				CLANG_WARN_OBJC_ROOT_CLASS = YES_ERROR;
				CLANG_WARN_SUSPICIOUS_MOVE = YES;
				CLANG_WARN_UNREACHABLE_CODE = YES;
				CLANG_WARN__DUPLICATE_METHOD_MATCH = YES;
				"CODE_SIGN_IDENTITY[sdk=iphoneos*]" = "iPhone Developer";
				COPY_PHASE_STRIP = NO;
				DEBUG_INFORMATION_FORMAT = dwarf;
				ENABLE_STRICT_OBJC_MSGSEND = YES;
				ENABLE_TESTABILITY = YES;
				GCC_C_LANGUAGE_STANDARD = gnu99;
				GCC_DYNAMIC_NO_PIC = NO;
				GCC_NO_COMMON_BLOCKS = YES;
				GCC_OPTIMIZATION_LEVEL = 0;
				GCC_PREPROCESSOR_DEFINITIONS = (
					"DEBUG=1",
					"$(inherited)",
				);
				GCC_WARN_64_TO_32_BIT_CONVERSION = YES;
				GCC_WARN_ABOUT_RETURN_TYPE = YES_ERROR;
				GCC_WARN_UNDECLARED_SELECTOR = YES;
				GCC_WARN_UNINITIALIZED_AUTOS = YES_AGGRESSIVE;
				GCC_WARN_UNUSED_FUNCTION = YES;
				GCC_WARN_UNUSED_VARIABLE = YES;
				IPHONEOS_DEPLOYMENT_TARGET = 10.2;
				MTL_ENABLE_DEBUG_INFO = YES;
				ONLY_ACTIVE_ARCH = YES;
				SDKROOT = iphoneos;
			};
			name = Debug;
		};
		E1F409501E9289D2007E36CC /* Release */ = {
			isa = XCBuildConfiguration;
			buildSettings = {
				ALWAYS_SEARCH_USER_PATHS = NO;
				CLANG_ANALYZER_NONNULL = YES;
				CLANG_CXX_LANGUAGE_STANDARD = "gnu++0x";
				CLANG_CXX_LIBRARY = "libc++";
				CLANG_ENABLE_MODULES = YES;
				CLANG_ENABLE_OBJC_ARC = YES;
				CLANG_WARN_BOOL_CONVERSION = YES;
				CLANG_WARN_CONSTANT_CONVERSION = YES;
				CLANG_WARN_DIRECT_OBJC_ISA_USAGE = YES_ERROR;
				CLANG_WARN_DOCUMENTATION_COMMENTS = YES;
				CLANG_WARN_EMPTY_BODY = YES;
				CLANG_WARN_ENUM_CONVERSION = YES;
				CLANG_WARN_INFINITE_RECURSION = YES;
				CLANG_WARN_INT_CONVERSION = YES;
				CLANG_WARN_OBJC_ROOT_CLASS = YES_ERROR;
				CLANG_WARN_SUSPICIOUS_MOVE = YES;
				CLANG_WARN_UNREACHABLE_CODE = YES;
				CLANG_WARN__DUPLICATE_METHOD_MATCH = YES;
				"CODE_SIGN_IDENTITY[sdk=iphoneos*]" = "iPhone Developer";
				COPY_PHASE_STRIP = NO;
				DEBUG_INFORMATION_FORMAT = "dwarf-with-dsym";
				ENABLE_NS_ASSERTIONS = NO;
				ENABLE_STRICT_OBJC_MSGSEND = YES;
				GCC_C_LANGUAGE_STANDARD = gnu99;
				GCC_NO_COMMON_BLOCKS = YES;
				GCC_WARN_64_TO_32_BIT_CONVERSION = YES;
				GCC_WARN_ABOUT_RETURN_TYPE = YES_ERROR;
				GCC_WARN_UNDECLARED_SELECTOR = YES;
				GCC_WARN_UNINITIALIZED_AUTOS = YES_AGGRESSIVE;
				GCC_WARN_UNUSED_FUNCTION = YES;
				GCC_WARN_UNUSED_VARIABLE = YES;
				IPHONEOS_DEPLOYMENT_TARGET = 10.2;
				MTL_ENABLE_DEBUG_INFO = NO;
				SDKROOT = iphoneos;
				VALIDATE_PRODUCT = YES;
			};
			name = Release;
		};
		E1F409521E9289D2007E36CC /* Debug */ = {
			isa = XCBuildConfiguration;
			baseConfigurationReference = 36AB474897273F1E62625558 /* Pods-voipCallsTest.debug.xcconfig */;
			buildSettings = {
				ASSETCATALOG_COMPILER_APPICON_NAME = AppIcon;
				DEVELOPMENT_TEAM = GBS327G4QD;
				INFOPLIST_FILE = voipCallsTest/Info.plist;
				LD_RUNPATH_SEARCH_PATHS = "$(inherited) @executable_path/Frameworks";
				PRODUCT_BUNDLE_IDENTIFIER = ru.lineapp.voipCallsTest;
				PRODUCT_NAME = "$(TARGET_NAME)";
			};
			name = Debug;
		};
		E1F409531E9289D2007E36CC /* Release */ = {
			isa = XCBuildConfiguration;
			baseConfigurationReference = E102C0F88978D05FBAA33C89 /* Pods-voipCallsTest.release.xcconfig */;
			buildSettings = {
				ASSETCATALOG_COMPILER_APPICON_NAME = AppIcon;
				DEVELOPMENT_TEAM = GBS327G4QD;
				INFOPLIST_FILE = voipCallsTest/Info.plist;
				LD_RUNPATH_SEARCH_PATHS = "$(inherited) @executable_path/Frameworks";
				PRODUCT_BUNDLE_IDENTIFIER = ru.lineapp.voipCallsTest;
				PRODUCT_NAME = "$(TARGET_NAME)";
			};
			name = Release;
		};
/* End XCBuildConfiguration section */

/* Begin XCConfigurationList section */
		E1F409351E9289D2007E36CC /* Build configuration list for PBXProject "voipCallsTest" */ = {
			isa = XCConfigurationList;
			buildConfigurations = (
				E1F4094F1E9289D2007E36CC /* Debug */,
				E1F409501E9289D2007E36CC /* Release */,
			);
			defaultConfigurationIsVisible = 0;
			defaultConfigurationName = Release;
		};
		E1F409511E9289D2007E36CC /* Build configuration list for PBXNativeTarget "voipCallsTest" */ = {
			isa = XCConfigurationList;
			buildConfigurations = (
				E1F409521E9289D2007E36CC /* Debug */,
				E1F409531E9289D2007E36CC /* Release */,
			);
			defaultConfigurationIsVisible = 0;
			defaultConfigurationName = Release;
		};
/* End XCConfigurationList section */
	};
	rootObject = E1F409321E9289D2007E36CC /* Project object */;
}
